
Microsoft Visual Studio Solution File, Format Version 12.00
# Visual Studio 14
VisualStudioVersion = 14.0.23107.0
MinimumVisualStudioVersion = 10.0.40219.1
Project("{FAE04EC0-301F-11D3-BF4B-00C04F79EFBC}") = "Acme.OrderManagement", "samples\Acme.OrderManagement\Acme.OrderManagement.csproj", "{88D20BE2-9FCA-4413-B7FC-BD6E1804EE2D}"
EndProject
Project("{FAE04EC0-301F-11D3-BF4B-00C04F79EFBC}") = "Hypermedia", "src\Hypermedia\Hypermedia.csproj", "{1A884C63-2471-4B0C-B2C9-5BD1C6771ABB}"
EndProject
Global
	GlobalSection(SolutionConfigurationPlatforms) = preSolution
		Debug|Any CPU = Debug|Any CPU
		Release|Any CPU = Release|Any CPU
	EndGlobalSection
	GlobalSection(ProjectConfigurationPlatforms) = postSolution
		{88D20BE2-9FCA-4413-B7FC-BD6E1804EE2D}.Debug|Any CPU.ActiveCfg = Debug|Any CPU
		{88D20BE2-9FCA-4413-B7FC-BD6E1804EE2D}.Debug|Any CPU.Build.0 = Debug|Any CPU
		{88D20BE2-9FCA-4413-B7FC-BD6E1804EE2D}.Release|Any CPU.ActiveCfg = Release|Any CPU
		{88D20BE2-9FCA-4413-B7FC-BD6E1804EE2D}.Release|Any CPU.Build.0 = Release|Any CPU
		{1A884C63-2471-4B0C-B2C9-5BD1C6771ABB}.Debug|Any CPU.ActiveCfg = Debug|Any CPU
		{1A884C63-2471-4B0C-B2C9-5BD1C6771ABB}.Debug|Any CPU.Build.0 = Debug|Any CPU
		{1A884C63-2471-4B0C-B2C9-5BD1C6771ABB}.Release|Any CPU.ActiveCfg = Release|Any CPU
		{1A884C63-2471-4B0C-B2C9-5BD1C6771ABB}.Release|Any CPU.Build.0 = Release|Any CPU
	EndGlobalSection
	GlobalSection(SolutionProperties) = preSolution
		HideSolutionNode = FALSE
	EndGlobalSection
EndGlobal
